
Microsoft Visual Studio Solution File, Format Version 12.00
# Visual Studio Version 16
VisualStudioVersion = 16.0.32630.194
MinimumVisualStudioVersion = 10.0.40219.1
Project("{FAE04EC0-301F-11D3-BF4B-00C04F79EFBC}") = "Semana-16", "Semana-16\Semana-16.csproj", "{20CF8E2E-0637-4C41-A103-2650EBEB74B2}"
EndProject
Global
	GlobalSection(SolutionConfigurationPlatforms) = preSolution
		Debug|Any CPU = Debug|Any CPU
		Release|Any CPU = Release|Any CPU
	EndGlobalSection
	GlobalSection(ProjectConfigurationPlatforms) = postSolution
		{20CF8E2E-0637-4C41-A103-2650EBEB74B2}.Debug|Any CPU.ActiveCfg = Debug|Any CPU
		{20CF8E2E-0637-4C41-A103-2650EBEB74B2}.Debug|Any CPU.Build.0 = Debug|Any CPU
		{20CF8E2E-0637-4C41-A103-2650EBEB74B2}.Release|Any CPU.ActiveCfg = Release|Any CPU
		{20CF8E2E-0637-4C41-A103-2650EBEB74B2}.Release|Any CPU.Build.0 = Release|Any CPU
	EndGlobalSection
	GlobalSection(SolutionProperties) = preSolution
		HideSolutionNode = FALSE
	EndGlobalSection
	GlobalSection(ExtensibilityGlobals) = postSolution
		SolutionGuid = {9F1DACFD-3EA1-4977-B7F3-4649F7E3628E}
	EndGlobalSection
EndGlobal
